// !$*UTF8*$!
{
	archiveVersion = 1;
	classes = {
	};
	objectVersion = 55;
	objects = {

/* Begin PBXBuildFile section */
		0B337B9FA74802B4BBC86A4B /* UtterclipCore.framework in Frameworks */ = {isa = PBXBuildFile; fileRef = 10CB6F665CB89E425D7F06DB /* UtterclipCore.framework */; };
		14E3AC7AAC9D96319A616985 /* Utterclip.icon in Resources */ = {isa = PBXBuildFile; fileRef = 6AF0353EEEE8EF86BDBC8253 /* Utterclip.icon */; };
		1764ECD612707055DC8A0B33 /* TuistBundle+UtterclipCore.swift in Sources */ = {isa = PBXBuildFile; fileRef = 09FDE8C978FCE04A01913D60 /* TuistBundle+UtterclipCore.swift */; };
		1A5779D9150131FADB1002E5 /* Rewriter.swift in Sources */ = {isa = PBXBuildFile; fileRef = 7D2590D1835ECF00E098B159 /* Rewriter.swift */; };
		1A6FE8E17BD232B472E22A6F /* HistoryEntry.swift in Sources */ = {isa = PBXBuildFile; fileRef = DEC82BA669BED232CA2FAFA8 /* HistoryEntry.swift */; };
		1AB79A81350866B35ED1AF95 /* HistoryStore.swift in Sources */ = {isa = PBXBuildFile; fileRef = 88EA603762F41B74D7D9CAF5 /* HistoryStore.swift */; };
		1C17B05A6E14698115D4A786 /* TranscriptionService.swift in Sources */ = {isa = PBXBuildFile; fileRef = 53061E11287017DB6ABBF28A /* TranscriptionService.swift */; };
		1F2A57C64B7A0E4E6CB9047B /* StylePickerRow.swift in Sources */ = {isa = PBXBuildFile; fileRef = 6CD1E1F1FB4F8A2314DE3357 /* StylePickerRow.swift */; };
		2874F95B0738FE1F1E562AB8 /* AIProvider.swift in Sources */ = {isa = PBXBuildFile; fileRef = 05088FCC2F78975859846EEB /* AIProvider.swift */; };
		2B5DEFF4055DCB36AAD3594B /* MarkdownView.swift in Sources */ = {isa = PBXBuildFile; fileRef = 785D4834B39BC497D3590D82 /* MarkdownView.swift */; };
		2B95AEDE3EBA7BDD6C635A6F /* UtterclipMacApp.swift in Sources */ = {isa = PBXBuildFile; fileRef = 108EDFC8ED3A4C8A802620B3 /* UtterclipMacApp.swift */; };
		2F62C8E257E18A51D23D08EC /* HighlightedTextEditor in Frameworks */ = {isa = PBXBuildFile; productRef = C3BAFCC920439AB8767F1F7F /* HighlightedTextEditor */; };
		35EC8A69FCF46B31D13DBAD0 /* RewritePrompt.swift in Sources */ = {isa = PBXBuildFile; fileRef = 5549F4613006277DBA3D15C3 /* RewritePrompt.swift */; };
		35F8C573FF7CF61A34A9F445 /* HistoryView.swift in Sources */ = {isa = PBXBuildFile; fileRef = 9F87071BCF63570CD4B59C66 /* HistoryView.swift */; };
		38056EDAFB87075550CEB900 /* LocalRewriter.swift in Sources */ = {isa = PBXBuildFile; fileRef = 76F007D7E0E2D1031D583BED /* LocalRewriter.swift */; };
		38221FAED67A250DFA1AEF01 /* TuistBundle+Utterclip.swift in Sources */ = {isa = PBXBuildFile; fileRef = 895478C0BBB0C2B3E5239695 /* TuistBundle+Utterclip.swift */; };
		3BBC257C63B356952D080E85 /* UtterclipCore.framework in Embed Frameworks */ = {isa = PBXBuildFile; fileRef = 10CB6F665CB89E425D7F06DB /* UtterclipCore.framework */; settings = {ATTRIBUTES = (CodeSignOnCopy, RemoveHeadersOnCopy, ); }; };
		43BFF92680ADB6A92A6B9977 /* Styles.swift in Sources */ = {isa = PBXBuildFile; fileRef = E02D86E45BCDAFCC58CF7667 /* Styles.swift */; };
		4673B38724AC1FB05901E559 /* Assets.xcassets in Resources */ = {isa = PBXBuildFile; fileRef = 7D2F3D13FCB07C6D3599F3DF /* Assets.xcassets */; };
		480626F9116B78E1BE4E5610 /* MessageStyle.swift in Sources */ = {isa = PBXBuildFile; fileRef = AA4DBE7EB74EB995CEDA2C54 /* MessageStyle.swift */; };
		4C7F2C7284C1D5DE36A260CB /* HighlightedTextEditor in Frameworks */ = {isa = PBXBuildFile; productRef = 1C8F61B05683C77B25B40782 /* HighlightedTextEditor */; };
		4D8F7ABF6B558C8F20E79EEA /* EditorView.swift in Sources */ = {isa = PBXBuildFile; fileRef = CDF0CF5B36F81DE3CDCB586F /* EditorView.swift */; };
		4E74951E6813606D46ED8B59 /* WaveformView.swift in Sources */ = {isa = PBXBuildFile; fileRef = 4E888A7E0D3E7AD6CDC81E54 /* WaveformView.swift */; };
		4F6AA1DFE6C103006FE847B1 /* SyncPreference.swift in Sources */ = {isa = PBXBuildFile; fileRef = 1262FDDDA49A4F25FDE70B48 /* SyncPreference.swift */; };
		5AD10B680721814DF3311E1C /* Platform.swift in Sources */ = {isa = PBXBuildFile; fileRef = 09681937E4E4FE184312126B /* Platform.swift */; };
		5CB3EE2E32D2FA0371B88F59 /* WaveformView.swift in Sources */ = {isa = PBXBuildFile; fileRef = 4E888A7E0D3E7AD6CDC81E54 /* WaveformView.swift */; };
		5E0F5480E1CEADA3D83FC904 /* KeyProvider.swift in Sources */ = {isa = PBXBuildFile; fileRef = 51D60E1DBE5AE6B60EDF10BF /* KeyProvider.swift */; };
		62098162588084269266CDD7 /* EditorView.swift in Sources */ = {isa = PBXBuildFile; fileRef = CDF0CF5B36F81DE3CDCB586F /* EditorView.swift */; };
		642F920655658016D53AAA68 /* TuistAssets+UtterclipMac.swift in Sources */ = {isa = PBXBuildFile; fileRef = CCCD6C3F4866B3D97F995002 /* TuistAssets+UtterclipMac.swift */; };
		6DA5EEDD1729EA6D7554CD52 /* TuistBundle+UtterclipWidgets.swift in Sources */ = {isa = PBXBuildFile; fileRef = 1608529F4905745FE7D61906 /* TuistBundle+UtterclipWidgets.swift */; };
		752437F6A32A9131E43D0051 /* ContentView.swift in Sources */ = {isa = PBXBuildFile; fileRef = 6BD7150D49FA9A45186D978E /* ContentView.swift */; };
		7A904563AEC74247A278502F /* WhisperKit in Frameworks */ = {isa = PBXBuildFile; productRef = 28BA344A91D20285EA0C68BD /* WhisperKit */; };
		7CEE152E4AA4D07266F89C9F /* AudioRecorder.swift in Sources */ = {isa = PBXBuildFile; fileRef = A013C4FAC68AE982BDEAFA35 /* AudioRecorder.swift */; };
		7D12D45E622EC7096A6B47AC /* Assets.xcassets in Resources */ = {isa = PBXBuildFile; fileRef = B590ECC24C31E97E4D7E1421 /* Assets.xcassets */; };
		8459CA4C54484367CEC8B378 /* Dictation.swift in Sources */ = {isa = PBXBuildFile; fileRef = C093652C348BB70958F729A4 /* Dictation.swift */; };
		8EFE7FE9E590E67A77A3BAE4 /* UtterclipApp.swift in Sources */ = {isa = PBXBuildFile; fileRef = 362ACD5073A9A097201D6FBD /* UtterclipApp.swift */; };
		924585F04823E691BFBB67B7 /* UtterclipWidgets.appex in Embed Foundation Extensions */ = {isa = PBXBuildFile; fileRef = 6C63B96BDE6B1413255AC07A /* UtterclipWidgets.appex */; settings = {ATTRIBUTES = (RemoveHeadersOnCopy, ); }; };
		95705DE3FF34F661315EF837 /* CloudRewriter.swift in Sources */ = {isa = PBXBuildFile; fileRef = 53BA8DC76FB99AEEAC98B7A7 /* CloudRewriter.swift */; };
		9CE253477E69E4AE72555392 /* TuistAssets+UtterclipWidgets.swift in Sources */ = {isa = PBXBuildFile; fileRef = B82755A9F185981EBA7A3594 /* TuistAssets+UtterclipWidgets.swift */; };
		A40747530FA740BB5EE2839C /* Platform.swift in Sources */ = {isa = PBXBuildFile; fileRef = 09681937E4E4FE184312126B /* Platform.swift */; };
		A59A946C1605D7F9AA4FCD96 /* UtterclipCore.framework in Frameworks */ = {isa = PBXBuildFile; fileRef = 10CB6F665CB89E425D7F06DB /* UtterclipCore.framework */; };
		A996E9C6CE54CD86A8FCE291 /* Clipboard.swift in Sources */ = {isa = PBXBuildFile; fileRef = F371DCE7FFFF2BF874588E3C /* Clipboard.swift */; };
		AB5FA10D4793DADBDC680876 /* SyncedDefaults.swift in Sources */ = {isa = PBXBuildFile; fileRef = F53BB115D04214EDB23D0AD7 /* SyncedDefaults.swift */; };
		ACC4FC8670FAA7F631A6F72C /* TuistBundle+UtterclipMac.swift in Sources */ = {isa = PBXBuildFile; fileRef = 92B90F7198CD313B27B6305C /* TuistBundle+UtterclipMac.swift */; };
		ACEA1D1323B85281D3BBEA5E /* GlassBackground.swift in Sources */ = {isa = PBXBuildFile; fileRef = D21D8DFF607B93A631014902 /* GlassBackground.swift */; };
		B1A3C49B5F4192213D5CAFBE /* GlassBackground.swift in Sources */ = {isa = PBXBuildFile; fileRef = D21D8DFF607B93A631014902 /* GlassBackground.swift */; };
		B4267352E2341CDDF8DABECE /* PrivacyInfo.xcprivacy in Resources */ = {isa = PBXBuildFile; fileRef = 148FE024A5C1767A16F68DBF /* PrivacyInfo.xcprivacy */; };
		B5B49810AA6AFC7BE9C30C2C /* PrivacyInfo.xcprivacy in Resources */ = {isa = PBXBuildFile; fileRef = 753112FFBC0496CDE6B924D2 /* PrivacyInfo.xcprivacy */; };
		BA543133A438725F553F01E1 /* PrivacyInfo.xcprivacy in Resources */ = {isa = PBXBuildFile; fileRef = 957C00188722A28CAB27FDCD /* PrivacyInfo.xcprivacy */; };
		BBDF502CD8914F2939B1B24C /* AppDelegate.swift in Sources */ = {isa = PBXBuildFile; fileRef = B1B12CC3654AF81819CC78A6 /* AppDelegate.swift */; };
		BF6A9F57B3FCB0191257D6A4 /* UtterclipWidgets.swift in Sources */ = {isa = PBXBuildFile; fileRef = 0344ECA6DB4AC1A96B78EE71 /* UtterclipWidgets.swift */; };
		C705B0D920218D9B4B4CBB1D /* HistoryView.swift in Sources */ = {isa = PBXBuildFile; fileRef = 9F87071BCF63570CD4B59C66 /* HistoryView.swift */; };
		CEF8E25B8070F06268EA5DF3 /* StyleStore.swift in Sources */ = {isa = PBXBuildFile; fileRef = 319D09EB2560270E662093E7 /* StyleStore.swift */; };
		D2E079B1639B91C06EF6BDD6 /* SettingsView.swift in Sources */ = {isa = PBXBuildFile; fileRef = 71F8FC0D69899DCD01DB5B80 /* SettingsView.swift */; };
		D42CC0AE195701AEE9ED2258 /* Assets.xcassets in Resources */ = {isa = PBXBuildFile; fileRef = 522F02B53CA00542B940B288 /* Assets.xcassets */; };
		DD0A1FE32345E9C9A69ED3A4 /* Redactor.swift in Sources */ = {isa = PBXBuildFile; fileRef = A87D9C7543EC8DFB48425596 /* Redactor.swift */; };
		DE96AF92B18D386A29F9317A /* ContentView.swift in Sources */ = {isa = PBXBuildFile; fileRef = 6BD7150D49FA9A45186D978E /* ContentView.swift */; };
		E1DB7CABDCD93565DF8EF385 /* TuistAssets+Utterclip.swift in Sources */ = {isa = PBXBuildFile; fileRef = 28B04CD1DA081168648A7C80 /* TuistAssets+Utterclip.swift */; };
		E1EFB99FFE667063120F3E97 /* DebugSnapshot.swift in Sources */ = {isa = PBXBuildFile; fileRef = 42C3F87BED6C2BC519B414B3 /* DebugSnapshot.swift */; };
		EC091E3637A1401CF24A5AC5 /* RecorderViewModel.swift in Sources */ = {isa = PBXBuildFile; fileRef = 0A87B8225AFA85570EB97D8C /* RecorderViewModel.swift */; };
		EDF02CD83F67343E597815C2 /* SettingsView.swift in Sources */ = {isa = PBXBuildFile; fileRef = 71F8FC0D69899DCD01DB5B80 /* SettingsView.swift */; };
		EF0D73EA9FF8E12D40DFBA81 /* Utterclip.icon in Resources */ = {isa = PBXBuildFile; fileRef = AFE4D57BC27671C755D9C083 /* Utterclip.icon */; };
		F05FBD5E47E6F28B67C6A6C5 /* UtterclipCore.framework in Embed Frameworks */ = {isa = PBXBuildFile; fileRef = 10CB6F665CB89E425D7F06DB /* UtterclipCore.framework */; settings = {ATTRIBUTES = (CodeSignOnCopy, RemoveHeadersOnCopy, ); }; };
		F0D25DF95C58334F3ED3CD2F /* PrivacyInfo.xcprivacy in Resources */ = {isa = PBXBuildFile; fileRef = 378E96F9E34A221DEE5D96D5 /* PrivacyInfo.xcprivacy */; };
		F33BCA87B0DFFD068C9E5E5A /* StylePickerRow.swift in Sources */ = {isa = PBXBuildFile; fileRef = 6CD1E1F1FB4F8A2314DE3357 /* StylePickerRow.swift */; };
		F3538B61CD797DDD9C32A093 /* MarkdownView.swift in Sources */ = {isa = PBXBuildFile; fileRef = 785D4834B39BC497D3590D82 /* MarkdownView.swift */; };
		F6243ED762A77340D76022DF /* AppError.swift in Sources */ = {isa = PBXBuildFile; fileRef = 669869C3385DA0D2ACBDDEFC /* AppError.swift */; };
/* End PBXBuildFile section */

/* Begin PBXContainerItemProxy section */
		6F27307D6E81DBB867AEA32E /* PBXContainerItemProxy */ = {
			isa = PBXContainerItemProxy;
			containerPortal = BC4F54448471893DF3D49A16 /* Project object */;
			proxyType = 1;
			remoteGlobalIDString = 840C0F572CD6172E6B06159C;
			remoteInfo = UtterclipWidgets;
		};
		884B211BCD11BFC855D30112 /* PBXContainerItemProxy */ = {
			isa = PBXContainerItemProxy;
			containerPortal = BC4F54448471893DF3D49A16 /* Project object */;
			proxyType = 1;
			remoteGlobalIDString = 5836CB25745D6DA8EBA46E62;
			remoteInfo = UtterclipCore;
		};
		92AF562AE00011CF90CF247D /* PBXContainerItemProxy */ = {
			isa = PBXContainerItemProxy;
			containerPortal = BC4F54448471893DF3D49A16 /* Project object */;
			proxyType = 1;
			remoteGlobalIDString = 5836CB25745D6DA8EBA46E62;
			remoteInfo = UtterclipCore;
		};
/* End PBXContainerItemProxy section */

/* Begin PBXCopyFilesBuildPhase section */
		18AC3D30C442AA6C3F18AAEF /* Embed Frameworks */ = {
			isa = PBXCopyFilesBuildPhase;
			buildActionMask = 2147483647;
			dstPath = "";
			dstSubfolderSpec = 10;
			files = (
			);
			name = "Embed Frameworks";
			runOnlyForDeploymentPostprocessing = 0;
		};
		29C84CC046FCFFFD56F1604D /* Embed Frameworks */ = {
			isa = PBXCopyFilesBuildPhase;
			buildActionMask = 2147483647;
			dstPath = "";
			dstSubfolderSpec = 10;
			files = (
				F05FBD5E47E6F28B67C6A6C5 /* UtterclipCore.framework in Embed Frameworks */,
			);
			name = "Embed Frameworks";
			runOnlyForDeploymentPostprocessing = 0;
		};
		57D4F3ECAF2D34FE135F2C6F /* Embed Frameworks */ = {
			isa = PBXCopyFilesBuildPhase;
			buildActionMask = 2147483647;
			dstPath = "";
			dstSubfolderSpec = 10;
			files = (
			);
			name = "Embed Frameworks";
			runOnlyForDeploymentPostprocessing = 0;
		};
		5D870CB08D6181BD61AFD7D2 /* Embed Frameworks */ = {
			isa = PBXCopyFilesBuildPhase;
			buildActionMask = 2147483647;
			dstPath = "";
			dstSubfolderSpec = 10;
			files = (
				3BBC257C63B356952D080E85 /* UtterclipCore.framework in Embed Frameworks */,
			);
			name = "Embed Frameworks";
			runOnlyForDeploymentPostprocessing = 0;
		};
		7C9AA75FB09DD8ADB53CC433 /* Embed Foundation Extensions */ = {
			isa = PBXCopyFilesBuildPhase;
			buildActionMask = 2147483647;
			dstSubfolderSpec = 13;
			files = (
				924585F04823E691BFBB67B7 /* UtterclipWidgets.appex in Embed Foundation Extensions */,
			);
			name = "Embed Foundation Extensions";
			runOnlyForDeploymentPostprocessing = 0;
		};
/* End PBXCopyFilesBuildPhase section */

/* Begin PBXFileReference section */
		0344ECA6DB4AC1A96B78EE71 /* UtterclipWidgets.swift */ = {isa = PBXFileReference; lastKnownFileType = sourcecode.swift; path = UtterclipWidgets.swift; sourceTree = "<group>"; };
		05088FCC2F78975859846EEB /* AIProvider.swift */ = {isa = PBXFileReference; lastKnownFileType = sourcecode.swift; path = AIProvider.swift; sourceTree = "<group>"; };
		09681937E4E4FE184312126B /* Platform.swift */ = {isa = PBXFileReference; lastKnownFileType = sourcecode.swift; path = Platform.swift; sourceTree = "<group>"; };
		09FDE8C978FCE04A01913D60 /* TuistBundle+UtterclipCore.swift */ = {isa = PBXFileReference; lastKnownFileType = sourcecode.swift; path = "TuistBundle+UtterclipCore.swift"; sourceTree = "<group>"; };
		0A87B8225AFA85570EB97D8C /* RecorderViewModel.swift */ = {isa = PBXFileReference; lastKnownFileType = sourcecode.swift; path = RecorderViewModel.swift; sourceTree = "<group>"; };
		108EDFC8ED3A4C8A802620B3 /* UtterclipMacApp.swift */ = {isa = PBXFileReference; lastKnownFileType = sourcecode.swift; path = UtterclipMacApp.swift; sourceTree = "<group>"; };
		10CB6F665CB89E425D7F06DB /* UtterclipCore.framework */ = {isa = PBXFileReference; explicitFileType = wrapper.framework; includeInIndex = 0; path = UtterclipCore.framework; sourceTree = BUILT_PRODUCTS_DIR; };
		1262FDDDA49A4F25FDE70B48 /* SyncPreference.swift */ = {isa = PBXFileReference; lastKnownFileType = sourcecode.swift; path = SyncPreference.swift; sourceTree = "<group>"; };
		148FE024A5C1767A16F68DBF /* PrivacyInfo.xcprivacy */ = {isa = PBXFileReference; path = PrivacyInfo.xcprivacy; sourceTree = "<group>"; };
		1608529F4905745FE7D61906 /* TuistBundle+UtterclipWidgets.swift */ = {isa = PBXFileReference; lastKnownFileType = sourcecode.swift; path = "TuistBundle+UtterclipWidgets.swift"; sourceTree = "<group>"; };
		266C41CDA52548681C16CF3E /* UtterclipMac-Info.plist */ = {isa = PBXFileReference; lastKnownFileType = text.plist; path = "UtterclipMac-Info.plist"; sourceTree = "<group>"; };
		28B04CD1DA081168648A7C80 /* TuistAssets+Utterclip.swift */ = {isa = PBXFileReference; lastKnownFileType = sourcecode.swift; path = "TuistAssets+Utterclip.swift"; sourceTree = "<group>"; };
		3123A0639BF8CDA10A1480DE /* Utterclip.entitlements */ = {isa = PBXFileReference; lastKnownFileType = text.plist.entitlements; path = Utterclip.entitlements; sourceTree = "<group>"; };
		319D09EB2560270E662093E7 /* StyleStore.swift */ = {isa = PBXFileReference; lastKnownFileType = sourcecode.swift; path = StyleStore.swift; sourceTree = "<group>"; };
		362ACD5073A9A097201D6FBD /* UtterclipApp.swift */ = {isa = PBXFileReference; lastKnownFileType = sourcecode.swift; path = UtterclipApp.swift; sourceTree = "<group>"; };
		378E96F9E34A221DEE5D96D5 /* PrivacyInfo.xcprivacy */ = {isa = PBXFileReference; path = PrivacyInfo.xcprivacy; sourceTree = "<group>"; };
		42C3F87BED6C2BC519B414B3 /* DebugSnapshot.swift */ = {isa = PBXFileReference; lastKnownFileType = sourcecode.swift; path = DebugSnapshot.swift; sourceTree = "<group>"; };
		4E888A7E0D3E7AD6CDC81E54 /* WaveformView.swift */ = {isa = PBXFileReference; lastKnownFileType = sourcecode.swift; path = WaveformView.swift; sourceTree = "<group>"; };
		51D60E1DBE5AE6B60EDF10BF /* KeyProvider.swift */ = {isa = PBXFileReference; lastKnownFileType = sourcecode.swift; path = KeyProvider.swift; sourceTree = "<group>"; };
		522F02B53CA00542B940B288 /* Assets.xcassets */ = {isa = PBXFileReference; lastKnownFileType = folder.assetcatalog; path = Assets.xcassets; sourceTree = "<group>"; };
		53061E11287017DB6ABBF28A /* TranscriptionService.swift */ = {isa = PBXFileReference; lastKnownFileType = sourcecode.swift; path = TranscriptionService.swift; sourceTree = "<group>"; };
		53BA8DC76FB99AEEAC98B7A7 /* CloudRewriter.swift */ = {isa = PBXFileReference; lastKnownFileType = sourcecode.swift; path = CloudRewriter.swift; sourceTree = "<group>"; };
		5549F4613006277DBA3D15C3 /* RewritePrompt.swift */ = {isa = PBXFileReference; lastKnownFileType = sourcecode.swift; path = RewritePrompt.swift; sourceTree = "<group>"; };
		669869C3385DA0D2ACBDDEFC /* AppError.swift */ = {isa = PBXFileReference; lastKnownFileType = sourcecode.swift; path = AppError.swift; sourceTree = "<group>"; };
		69B26581CC6B790DA328B331 /* UtterclipWidgets-Info.plist */ = {isa = PBXFileReference; lastKnownFileType = text.plist; path = "UtterclipWidgets-Info.plist"; sourceTree = "<group>"; };
		6AF0353EEEE8EF86BDBC8253 /* Utterclip.icon */ = {isa = PBXFileReference; path = Utterclip.icon; sourceTree = "<group>"; };
		6BD7150D49FA9A45186D978E /* ContentView.swift */ = {isa = PBXFileReference; lastKnownFileType = sourcecode.swift; path = ContentView.swift; sourceTree = "<group>"; };
		6C63B96BDE6B1413255AC07A /* UtterclipWidgets.appex */ = {isa = PBXFileReference; explicitFileType = "wrapper.app-extension"; includeInIndex = 0; path = UtterclipWidgets.appex; sourceTree = BUILT_PRODUCTS_DIR; };
		6CD1E1F1FB4F8A2314DE3357 /* StylePickerRow.swift */ = {isa = PBXFileReference; lastKnownFileType = sourcecode.swift; path = StylePickerRow.swift; sourceTree = "<group>"; };
		71F8FC0D69899DCD01DB5B80 /* SettingsView.swift */ = {isa = PBXFileReference; lastKnownFileType = sourcecode.swift; path = SettingsView.swift; sourceTree = "<group>"; };
		73B5227055701E5621CDAD55 /* Utterclip.app */ = {isa = PBXFileReference; explicitFileType = wrapper.application; includeInIndex = 0; path = Utterclip.app; sourceTree = BUILT_PRODUCTS_DIR; };
		753112FFBC0496CDE6B924D2 /* PrivacyInfo.xcprivacy */ = {isa = PBXFileReference; path = PrivacyInfo.xcprivacy; sourceTree = "<group>"; };
		76F007D7E0E2D1031D583BED /* LocalRewriter.swift */ = {isa = PBXFileReference; lastKnownFileType = sourcecode.swift; path = LocalRewriter.swift; sourceTree = "<group>"; };
		7811A8B95C5970C951E070F0 /* UtterclipCore-Info.plist */ = {isa = PBXFileReference; lastKnownFileType = text.plist; path = "UtterclipCore-Info.plist"; sourceTree = "<group>"; };
		785D4834B39BC497D3590D82 /* MarkdownView.swift */ = {isa = PBXFileReference; lastKnownFileType = sourcecode.swift; path = MarkdownView.swift; sourceTree = "<group>"; };
		7D2590D1835ECF00E098B159 /* Rewriter.swift */ = {isa = PBXFileReference; lastKnownFileType = sourcecode.swift; path = Rewriter.swift; sourceTree = "<group>"; };
		7D2F3D13FCB07C6D3599F3DF /* Assets.xcassets */ = {isa = PBXFileReference; lastKnownFileType = folder.assetcatalog; path = Assets.xcassets; sourceTree = "<group>"; };
		88EA603762F41B74D7D9CAF5 /* HistoryStore.swift */ = {isa = PBXFileReference; lastKnownFileType = sourcecode.swift; path = HistoryStore.swift; sourceTree = "<group>"; };
		895478C0BBB0C2B3E5239695 /* TuistBundle+Utterclip.swift */ = {isa = PBXFileReference; lastKnownFileType = sourcecode.swift; path = "TuistBundle+Utterclip.swift"; sourceTree = "<group>"; };
		89F3B7622DFE0F9D348C2F69 /* Utterclip.app */ = {isa = PBXFileReference; explicitFileType = wrapper.application; includeInIndex = 0; path = Utterclip.app; sourceTree = BUILT_PRODUCTS_DIR; };
		92B90F7198CD313B27B6305C /* TuistBundle+UtterclipMac.swift */ = {isa = PBXFileReference; lastKnownFileType = sourcecode.swift; path = "TuistBundle+UtterclipMac.swift"; sourceTree = "<group>"; };
		957C00188722A28CAB27FDCD /* PrivacyInfo.xcprivacy */ = {isa = PBXFileReference; path = PrivacyInfo.xcprivacy; sourceTree = "<group>"; };
		9F87071BCF63570CD4B59C66 /* HistoryView.swift */ = {isa = PBXFileReference; lastKnownFileType = sourcecode.swift; path = HistoryView.swift; sourceTree = "<group>"; };
		A013C4FAC68AE982BDEAFA35 /* AudioRecorder.swift */ = {isa = PBXFileReference; lastKnownFileType = sourcecode.swift; path = AudioRecorder.swift; sourceTree = "<group>"; };
		A87D9C7543EC8DFB48425596 /* Redactor.swift */ = {isa = PBXFileReference; lastKnownFileType = sourcecode.swift; path = Redactor.swift; sourceTree = "<group>"; };
		AA4DBE7EB74EB995CEDA2C54 /* MessageStyle.swift */ = {isa = PBXFileReference; lastKnownFileType = sourcecode.swift; path = MessageStyle.swift; sourceTree = "<group>"; };
		AFE4D57BC27671C755D9C083 /* Utterclip.icon */ = {isa = PBXFileReference; path = Utterclip.icon; sourceTree = "<group>"; };
		B1B12CC3654AF81819CC78A6 /* AppDelegate.swift */ = {isa = PBXFileReference; lastKnownFileType = sourcecode.swift; path = AppDelegate.swift; sourceTree = "<group>"; };
		B590ECC24C31E97E4D7E1421 /* Assets.xcassets */ = {isa = PBXFileReference; lastKnownFileType = folder.assetcatalog; path = Assets.xcassets; sourceTree = "<group>"; };
		B82755A9F185981EBA7A3594 /* TuistAssets+UtterclipWidgets.swift */ = {isa = PBXFileReference; lastKnownFileType = sourcecode.swift; path = "TuistAssets+UtterclipWidgets.swift"; sourceTree = "<group>"; };
		C093652C348BB70958F729A4 /* Dictation.swift */ = {isa = PBXFileReference; lastKnownFileType = sourcecode.swift; path = Dictation.swift; sourceTree = "<group>"; };
		CCCD6C3F4866B3D97F995002 /* TuistAssets+UtterclipMac.swift */ = {isa = PBXFileReference; lastKnownFileType = sourcecode.swift; path = "TuistAssets+UtterclipMac.swift"; sourceTree = "<group>"; };
		CDF0CF5B36F81DE3CDCB586F /* EditorView.swift */ = {isa = PBXFileReference; lastKnownFileType = sourcecode.swift; path = EditorView.swift; sourceTree = "<group>"; };
		CED60BD402FCD9AC33ADBAFF /* UtterclipMac.entitlements */ = {isa = PBXFileReference; lastKnownFileType = text.plist.entitlements; path = UtterclipMac.entitlements; sourceTree = "<group>"; };
		D21D8DFF607B93A631014902 /* GlassBackground.swift */ = {isa = PBXFileReference; lastKnownFileType = sourcecode.swift; path = GlassBackground.swift; sourceTree = "<group>"; };
		DEC82BA669BED232CA2FAFA8 /* HistoryEntry.swift */ = {isa = PBXFileReference; lastKnownFileType = sourcecode.swift; path = HistoryEntry.swift; sourceTree = "<group>"; };
		E02D86E45BCDAFCC58CF7667 /* Styles.swift */ = {isa = PBXFileReference; lastKnownFileType = sourcecode.swift; path = Styles.swift; sourceTree = "<group>"; };
		F371DCE7FFFF2BF874588E3C /* Clipboard.swift */ = {isa = PBXFileReference; lastKnownFileType = sourcecode.swift; path = Clipboard.swift; sourceTree = "<group>"; };
		F53BB115D04214EDB23D0AD7 /* SyncedDefaults.swift */ = {isa = PBXFileReference; lastKnownFileType = sourcecode.swift; path = SyncedDefaults.swift; sourceTree = "<group>"; };
		F7F006F06790EC7AE64C846D /* Utterclip-Info.plist */ = {isa = PBXFileReference; lastKnownFileType = text.plist; path = "Utterclip-Info.plist"; sourceTree = "<group>"; };
/* End PBXFileReference section */

/* Begin PBXFrameworksBuildPhase section */
		A6495B7147E42B0DC1004721 /* Frameworks */ = {
			isa = PBXFrameworksBuildPhase;
			buildActionMask = 2147483647;
			files = (
				0B337B9FA74802B4BBC86A4B /* UtterclipCore.framework in Frameworks */,
				2F62C8E257E18A51D23D08EC /* HighlightedTextEditor in Frameworks */,
			);
			runOnlyForDeploymentPostprocessing = 0;
		};
		C6CB19EA1AD29F3BBAAABCE6 /* Frameworks */ = {
			isa = PBXFrameworksBuildPhase;
			buildActionMask = 2147483647;
			files = (
				7A904563AEC74247A278502F /* WhisperKit in Frameworks */,
			);
			runOnlyForDeploymentPostprocessing = 0;
		};
		D813E39C1E526252301AF01B /* Frameworks */ = {
			isa = PBXFrameworksBuildPhase;
			buildActionMask = 2147483647;
			files = (
			);
			runOnlyForDeploymentPostprocessing = 0;
		};
		F1756F202F27A108174D91D3 /* Frameworks */ = {
			isa = PBXFrameworksBuildPhase;
			buildActionMask = 2147483647;
			files = (
				A59A946C1605D7F9AA4FCD96 /* UtterclipCore.framework in Frameworks */,
				4C7F2C7284C1D5DE36A260CB /* HighlightedTextEditor in Frameworks */,
			);
			runOnlyForDeploymentPostprocessing = 0;
		};
/* End PBXFrameworksBuildPhase section */

/* Begin PBXGroup section */
		064C9059947CEE2880D59BE8 /* Resources */ = {
			isa = PBXGroup;
			children = (
				B590ECC24C31E97E4D7E1421 /* Assets.xcassets */,
				148FE024A5C1767A16F68DBF /* PrivacyInfo.xcprivacy */,
				AFE4D57BC27671C755D9C083 /* Utterclip.icon */,
			);
			path = Resources;
			sourceTree = "<group>";
		};
		110A6E37E56F2FB18614F67F /* Entitlements */ = {
			isa = PBXGroup;
			children = (
				3123A0639BF8CDA10A1480DE /* Utterclip.entitlements */,
				CED60BD402FCD9AC33ADBAFF /* UtterclipMac.entitlements */,
			);
			path = Entitlements;
			sourceTree = "<group>";
		};
		1789AE79853DA94EAEA0DB93 /* Resources */ = {
			isa = PBXGroup;
			children = (
				7D2F3D13FCB07C6D3599F3DF /* Assets.xcassets */,
				378E96F9E34A221DEE5D96D5 /* PrivacyInfo.xcprivacy */,
				6AF0353EEEE8EF86BDBC8253 /* Utterclip.icon */,
			);
			path = Resources;
			sourceTree = "<group>";
		};
		1D5BB8A557593F7441444B44 /* Project */ = {
			isa = PBXGroup;
			children = (
				31CB782A57C043C62330D23D /* Derived */,
				5F40266B33E4752A760D0391 /* Utterclip */,
				5E0576C47C3736848CB5F742 /* UtterclipCore */,
				B5BA8DBAF7E9B9C58449838E /* UtterclipMac */,
				6FA0CCBEC7BD4DB0AFA41754 /* UtterclipWidgets */,
			);
			name = Project;
			sourceTree = "<group>";
		};
		1F9A3F51386BDEE3286F3481 = {
			isa = PBXGroup;
			children = (
				66D92E8D6F46BF1470C2CB3D /* Products */,
				1D5BB8A557593F7441444B44 /* Project */,
			);
			sourceTree = "<group>";
		};
		219B2A796D15398D14AD4CD1 /* Resources */ = {
			isa = PBXGroup;
			children = (
				522F02B53CA00542B940B288 /* Assets.xcassets */,
				957C00188722A28CAB27FDCD /* PrivacyInfo.xcprivacy */,
			);
			path = Resources;
			sourceTree = "<group>";
		};
		31CB782A57C043C62330D23D /* Derived */ = {
			isa = PBXGroup;
			children = (
				110A6E37E56F2FB18614F67F /* Entitlements */,
				E3EA4BB757D5EFD0B007AAC0 /* InfoPlists */,
				50214B4F9B54FEA823DA4EA3 /* Sources */,
			);
			path = Derived;
			sourceTree = "<group>";
		};
		50214B4F9B54FEA823DA4EA3 /* Sources */ = {
			isa = PBXGroup;
			children = (
				28B04CD1DA081168648A7C80 /* TuistAssets+Utterclip.swift */,
				CCCD6C3F4866B3D97F995002 /* TuistAssets+UtterclipMac.swift */,
				B82755A9F185981EBA7A3594 /* TuistAssets+UtterclipWidgets.swift */,
				895478C0BBB0C2B3E5239695 /* TuistBundle+Utterclip.swift */,
				09FDE8C978FCE04A01913D60 /* TuistBundle+UtterclipCore.swift */,
				92B90F7198CD313B27B6305C /* TuistBundle+UtterclipMac.swift */,
				1608529F4905745FE7D61906 /* TuistBundle+UtterclipWidgets.swift */,
			);
			path = Sources;
			sourceTree = "<group>";
		};
		5C9B80E317B0AB58B3F03BF9 /* Services */ = {
			isa = PBXGroup;
			children = (
				05088FCC2F78975859846EEB /* AIProvider.swift */,
				A013C4FAC68AE982BDEAFA35 /* AudioRecorder.swift */,
				F371DCE7FFFF2BF874588E3C /* Clipboard.swift */,
				53BA8DC76FB99AEEAC98B7A7 /* CloudRewriter.swift */,
				88EA603762F41B74D7D9CAF5 /* HistoryStore.swift */,
				51D60E1DBE5AE6B60EDF10BF /* KeyProvider.swift */,
				76F007D7E0E2D1031D583BED /* LocalRewriter.swift */,
				A87D9C7543EC8DFB48425596 /* Redactor.swift */,
				5549F4613006277DBA3D15C3 /* RewritePrompt.swift */,
				7D2590D1835ECF00E098B159 /* Rewriter.swift */,
				319D09EB2560270E662093E7 /* StyleStore.swift */,
				F53BB115D04214EDB23D0AD7 /* SyncedDefaults.swift */,
				1262FDDDA49A4F25FDE70B48 /* SyncPreference.swift */,
				53061E11287017DB6ABBF28A /* TranscriptionService.swift */,
			);
			path = Services;
			sourceTree = "<group>";
		};
		5E0576C47C3736848CB5F742 /* UtterclipCore */ = {
			isa = PBXGroup;
			children = (
				7970C77CFCB59AAC611314E0 /* Models */,
				746D82F6238B0D29C3219CA1 /* Resources */,
				5C9B80E317B0AB58B3F03BF9 /* Services */,
				E4DC10C3F347E206698F38E9 /* ViewModels */,
			);
			path = UtterclipCore;
			sourceTree = "<group>";
		};
		5F40266B33E4752A760D0391 /* Utterclip */ = {
			isa = PBXGroup;
			children = (
				1789AE79853DA94EAEA0DB93 /* Resources */,
				EA3D7AE6697EA72F9BEB8A3E /* Views */,
				362ACD5073A9A097201D6FBD /* UtterclipApp.swift */,
			);
			path = Utterclip;
			sourceTree = "<group>";
		};
		66D92E8D6F46BF1470C2CB3D /* Products */ = {
			isa = PBXGroup;
			children = (
				73B5227055701E5621CDAD55 /* Utterclip.app */,
				89F3B7622DFE0F9D348C2F69 /* Utterclip.app */,
				10CB6F665CB89E425D7F06DB /* UtterclipCore.framework */,
				6C63B96BDE6B1413255AC07A /* UtterclipWidgets.appex */,
			);
			name = Products;
			sourceTree = "<group>";
		};
		6FA0CCBEC7BD4DB0AFA41754 /* UtterclipWidgets */ = {
			isa = PBXGroup;
			children = (
				219B2A796D15398D14AD4CD1 /* Resources */,
				0344ECA6DB4AC1A96B78EE71 /* UtterclipWidgets.swift */,
			);
			path = UtterclipWidgets;
			sourceTree = "<group>";
		};
		746D82F6238B0D29C3219CA1 /* Resources */ = {
			isa = PBXGroup;
			children = (
				753112FFBC0496CDE6B924D2 /* PrivacyInfo.xcprivacy */,
			);
			path = Resources;
			sourceTree = "<group>";
		};
		7970C77CFCB59AAC611314E0 /* Models */ = {
			isa = PBXGroup;
			children = (
				669869C3385DA0D2ACBDDEFC /* AppError.swift */,
				C093652C348BB70958F729A4 /* Dictation.swift */,
				DEC82BA669BED232CA2FAFA8 /* HistoryEntry.swift */,
				AA4DBE7EB74EB995CEDA2C54 /* MessageStyle.swift */,
				E02D86E45BCDAFCC58CF7667 /* Styles.swift */,
			);
			path = Models;
			sourceTree = "<group>";
		};
		B5BA8DBAF7E9B9C58449838E /* UtterclipMac */ = {
			isa = PBXGroup;
			children = (
				064C9059947CEE2880D59BE8 /* Resources */,
				B1B12CC3654AF81819CC78A6 /* AppDelegate.swift */,
				42C3F87BED6C2BC519B414B3 /* DebugSnapshot.swift */,
				108EDFC8ED3A4C8A802620B3 /* UtterclipMacApp.swift */,
			);
			path = UtterclipMac;
			sourceTree = "<group>";
		};
		E3EA4BB757D5EFD0B007AAC0 /* InfoPlists */ = {
			isa = PBXGroup;
			children = (
				F7F006F06790EC7AE64C846D /* Utterclip-Info.plist */,
				7811A8B95C5970C951E070F0 /* UtterclipCore-Info.plist */,
				266C41CDA52548681C16CF3E /* UtterclipMac-Info.plist */,
				69B26581CC6B790DA328B331 /* UtterclipWidgets-Info.plist */,
			);
			path = InfoPlists;
			sourceTree = "<group>";
		};
		E4DC10C3F347E206698F38E9 /* ViewModels */ = {
			isa = PBXGroup;
			children = (
				0A87B8225AFA85570EB97D8C /* RecorderViewModel.swift */,
			);
			path = ViewModels;
			sourceTree = "<group>";
		};
		EA3D7AE6697EA72F9BEB8A3E /* Views */ = {
			isa = PBXGroup;
			children = (
				6BD7150D49FA9A45186D978E /* ContentView.swift */,
				CDF0CF5B36F81DE3CDCB586F /* EditorView.swift */,
				D21D8DFF607B93A631014902 /* GlassBackground.swift */,
				9F87071BCF63570CD4B59C66 /* HistoryView.swift */,
				785D4834B39BC497D3590D82 /* MarkdownView.swift */,
				09681937E4E4FE184312126B /* Platform.swift */,
				71F8FC0D69899DCD01DB5B80 /* SettingsView.swift */,
				6CD1E1F1FB4F8A2314DE3357 /* StylePickerRow.swift */,
				4E888A7E0D3E7AD6CDC81E54 /* WaveformView.swift */,
			);
			path = Views;
			sourceTree = "<group>";
		};
/* End PBXGroup section */

/* Begin PBXNativeTarget section */
		5836CB25745D6DA8EBA46E62 /* UtterclipCore */ = {
			isa = PBXNativeTarget;
			buildConfigurationList = 6609BCC6DFB3805621106934 /* Build configuration list for PBXNativeTarget "UtterclipCore" */;
			buildPhases = (
				D4D1489B47D0D3DC875AB8C1 /* Sources */,
				89A4234B97A44D0A727C6BB0 /* Resources */,
				C6CB19EA1AD29F3BBAAABCE6 /* Frameworks */,
				18AC3D30C442AA6C3F18AAEF /* Embed Frameworks */,
			);
			buildRules = (
			);
			dependencies = (
			);
			name = UtterclipCore;
			packageProductDependencies = (
				28BA344A91D20285EA0C68BD /* WhisperKit */,
			);
			productName = UtterclipCore;
			productReference = 10CB6F665CB89E425D7F06DB /* UtterclipCore.framework */;
			productType = "com.apple.product-type.framework";
		};
		71AE20DE2C777687D31AFFF8 /* UtterclipMac */ = {
			isa = PBXNativeTarget;
			buildConfigurationList = 9BE88674ED15C9CE8D8B749A /* Build configuration list for PBXNativeTarget "UtterclipMac" */;
			buildPhases = (
				7F3FD9365DBB0737BA32E475 /* Sources */,
				73B3DAF566655EEC388159ED /* Resources */,
				F1756F202F27A108174D91D3 /* Frameworks */,
				29C84CC046FCFFFD56F1604D /* Embed Frameworks */,
			);
			buildRules = (
			);
			dependencies = (
				4BF1F50CA000C564082DAF84 /* PBXTargetDependency */,
			);
			name = UtterclipMac;
			packageProductDependencies = (
				1C8F61B05683C77B25B40782 /* HighlightedTextEditor */,
			);
			productName = Utterclip;
			productReference = 89F3B7622DFE0F9D348C2F69 /* Utterclip.app */;
			productType = "com.apple.product-type.application";
		};
		840C0F572CD6172E6B06159C /* UtterclipWidgets */ = {
			isa = PBXNativeTarget;
			buildConfigurationList = 4B7D1836E7EE6A2AE470FFBE /* Build configuration list for PBXNativeTarget "UtterclipWidgets" */;
			buildPhases = (
				C42BA6AA2AA4F9583C6BA053 /* Sources */,
				0CA652D285D0AF491DD7FA0C /* Resources */,
				D813E39C1E526252301AF01B /* Frameworks */,
				57D4F3ECAF2D34FE135F2C6F /* Embed Frameworks */,
			);
			buildRules = (
			);
			dependencies = (
			);
			name = UtterclipWidgets;
			packageProductDependencies = (
			);
			productName = UtterclipWidgets;
			productReference = 6C63B96BDE6B1413255AC07A /* UtterclipWidgets.appex */;
			productType = "com.apple.product-type.app-extension";
		};
		C86FCA4A1EA4FF21F8EEE5EA /* Utterclip */ = {
			isa = PBXNativeTarget;
			buildConfigurationList = 74D8393E147DE46C454044C5 /* Build configuration list for PBXNativeTarget "Utterclip" */;
			buildPhases = (
				1DC60B71998A6789A5647F4F /* Sources */,
				41ECDA5CC9E8CB4E9C2EA6EB /* Resources */,
				7C9AA75FB09DD8ADB53CC433 /* Embed Foundation Extensions */,
				A6495B7147E42B0DC1004721 /* Frameworks */,
				5D870CB08D6181BD61AFD7D2 /* Embed Frameworks */,
			);
			buildRules = (
			);
			dependencies = (
				79070C41DBE3605662ABD2CE /* PBXTargetDependency */,
				FEDF55E685C8A7861733C65C /* PBXTargetDependency */,
			);
			name = Utterclip;
			packageProductDependencies = (
				C3BAFCC920439AB8767F1F7F /* HighlightedTextEditor */,
			);
			productName = Utterclip;
			productReference = 73B5227055701E5621CDAD55 /* Utterclip.app */;
			productType = "com.apple.product-type.application";
		};
/* End PBXNativeTarget section */

/* Begin PBXProject section */
		BC4F54448471893DF3D49A16 /* Project object */ = {
			isa = PBXProject;
			attributes = {
				BuildIndependentTargetsInParallel = YES;
				TargetAttributes = {
				};
			};
			buildConfigurationList = 4632B0DA8AC2F6B786805D4D /* Build configuration list for PBXProject "Utterclip" */;
			compatibilityVersion = "Xcode 14.0";
			developmentRegion = en;
			hasScannedForEncodings = 0;
			knownRegions = (
				Base,
				en,
			);
			mainGroup = 1F9A3F51386BDEE3286F3481;
			packageReferences = (
				E0A5389493A27ABB6F9D32A3 /* XCRemoteSwiftPackageReference "WhisperKit" */,
				B9DB6341BEB98B911AE58E8E /* XCRemoteSwiftPackageReference "HighlightedTextEditor" */,
			);
			productRefGroup = 66D92E8D6F46BF1470C2CB3D /* Products */;
			projectDirPath = "";
			projectRoot = "";
			targets = (
				C86FCA4A1EA4FF21F8EEE5EA /* Utterclip */,
				5836CB25745D6DA8EBA46E62 /* UtterclipCore */,
				71AE20DE2C777687D31AFFF8 /* UtterclipMac */,
				840C0F572CD6172E6B06159C /* UtterclipWidgets */,
			);
		};
/* End PBXProject section */

/* Begin PBXResourcesBuildPhase section */
		0CA652D285D0AF491DD7FA0C /* Resources */ = {
			isa = PBXResourcesBuildPhase;
			buildActionMask = 2147483647;
			files = (
				D42CC0AE195701AEE9ED2258 /* Assets.xcassets in Resources */,
				BA543133A438725F553F01E1 /* PrivacyInfo.xcprivacy in Resources */,
			);
			runOnlyForDeploymentPostprocessing = 0;
		};
		41ECDA5CC9E8CB4E9C2EA6EB /* Resources */ = {
			isa = PBXResourcesBuildPhase;
			buildActionMask = 2147483647;
			files = (
				4673B38724AC1FB05901E559 /* Assets.xcassets in Resources */,
				F0D25DF95C58334F3ED3CD2F /* PrivacyInfo.xcprivacy in Resources */,
				14E3AC7AAC9D96319A616985 /* Utterclip.icon in Resources */,
			);
			runOnlyForDeploymentPostprocessing = 0;
		};
		73B3DAF566655EEC388159ED /* Resources */ = {
			isa = PBXResourcesBuildPhase;
			buildActionMask = 2147483647;
			files = (
				7D12D45E622EC7096A6B47AC /* Assets.xcassets in Resources */,
				B4267352E2341CDDF8DABECE /* PrivacyInfo.xcprivacy in Resources */,
				EF0D73EA9FF8E12D40DFBA81 /* Utterclip.icon in Resources */,
			);
			runOnlyForDeploymentPostprocessing = 0;
		};
		89A4234B97A44D0A727C6BB0 /* Resources */ = {
			isa = PBXResourcesBuildPhase;
			buildActionMask = 2147483647;
			files = (
				B5B49810AA6AFC7BE9C30C2C /* PrivacyInfo.xcprivacy in Resources */,
			);
			runOnlyForDeploymentPostprocessing = 0;
		};
/* End PBXResourcesBuildPhase section */

/* Begin PBXSourcesBuildPhase section */
		1DC60B71998A6789A5647F4F /* Sources */ = {
			isa = PBXSourcesBuildPhase;
			buildActionMask = 2147483647;
			files = (
				E1DB7CABDCD93565DF8EF385 /* TuistAssets+Utterclip.swift in Sources */,
				38221FAED67A250DFA1AEF01 /* TuistBundle+Utterclip.swift in Sources */,
				8EFE7FE9E590E67A77A3BAE4 /* UtterclipApp.swift in Sources */,
				DE96AF92B18D386A29F9317A /* ContentView.swift in Sources */,
				4D8F7ABF6B558C8F20E79EEA /* EditorView.swift in Sources */,
				B1A3C49B5F4192213D5CAFBE /* GlassBackground.swift in Sources */,
				C705B0D920218D9B4B4CBB1D /* HistoryView.swift in Sources */,
				2B5DEFF4055DCB36AAD3594B /* MarkdownView.swift in Sources */,
				A40747530FA740BB5EE2839C /* Platform.swift in Sources */,
				EDF02CD83F67343E597815C2 /* SettingsView.swift in Sources */,
				1F2A57C64B7A0E4E6CB9047B /* StylePickerRow.swift in Sources */,
				5CB3EE2E32D2FA0371B88F59 /* WaveformView.swift in Sources */,
			);
			runOnlyForDeploymentPostprocessing = 0;
		};
		7F3FD9365DBB0737BA32E475 /* Sources */ = {
			isa = PBXSourcesBuildPhase;
			buildActionMask = 2147483647;
			files = (
				642F920655658016D53AAA68 /* TuistAssets+UtterclipMac.swift in Sources */,
				ACC4FC8670FAA7F631A6F72C /* TuistBundle+UtterclipMac.swift in Sources */,
				752437F6A32A9131E43D0051 /* ContentView.swift in Sources */,
				62098162588084269266CDD7 /* EditorView.swift in Sources */,
				ACEA1D1323B85281D3BBEA5E /* GlassBackground.swift in Sources */,
				35F8C573FF7CF61A34A9F445 /* HistoryView.swift in Sources */,
				F3538B61CD797DDD9C32A093 /* MarkdownView.swift in Sources */,
				5AD10B680721814DF3311E1C /* Platform.swift in Sources */,
				D2E079B1639B91C06EF6BDD6 /* SettingsView.swift in Sources */,
				F33BCA87B0DFFD068C9E5E5A /* StylePickerRow.swift in Sources */,
				4E74951E6813606D46ED8B59 /* WaveformView.swift in Sources */,
				BBDF502CD8914F2939B1B24C /* AppDelegate.swift in Sources */,
				E1EFB99FFE667063120F3E97 /* DebugSnapshot.swift in Sources */,
				2B95AEDE3EBA7BDD6C635A6F /* UtterclipMacApp.swift in Sources */,
			);
			runOnlyForDeploymentPostprocessing = 0;
		};
		C42BA6AA2AA4F9583C6BA053 /* Sources */ = {
			isa = PBXSourcesBuildPhase;
			buildActionMask = 2147483647;
			files = (
				9CE253477E69E4AE72555392 /* TuistAssets+UtterclipWidgets.swift in Sources */,
				6DA5EEDD1729EA6D7554CD52 /* TuistBundle+UtterclipWidgets.swift in Sources */,
				BF6A9F57B3FCB0191257D6A4 /* UtterclipWidgets.swift in Sources */,
			);
			runOnlyForDeploymentPostprocessing = 0;
		};
		D4D1489B47D0D3DC875AB8C1 /* Sources */ = {
			isa = PBXSourcesBuildPhase;
			buildActionMask = 2147483647;
			files = (
				1764ECD612707055DC8A0B33 /* TuistBundle+UtterclipCore.swift in Sources */,
				F6243ED762A77340D76022DF /* AppError.swift in Sources */,
				8459CA4C54484367CEC8B378 /* Dictation.swift in Sources */,
				1A6FE8E17BD232B472E22A6F /* HistoryEntry.swift in Sources */,
				480626F9116B78E1BE4E5610 /* MessageStyle.swift in Sources */,
				43BFF92680ADB6A92A6B9977 /* Styles.swift in Sources */,
				2874F95B0738FE1F1E562AB8 /* AIProvider.swift in Sources */,
				7CEE152E4AA4D07266F89C9F /* AudioRecorder.swift in Sources */,
				A996E9C6CE54CD86A8FCE291 /* Clipboard.swift in Sources */,
				95705DE3FF34F661315EF837 /* CloudRewriter.swift in Sources */,
				1AB79A81350866B35ED1AF95 /* HistoryStore.swift in Sources */,
				5E0F5480E1CEADA3D83FC904 /* KeyProvider.swift in Sources */,
				38056EDAFB87075550CEB900 /* LocalRewriter.swift in Sources */,
				DD0A1FE32345E9C9A69ED3A4 /* Redactor.swift in Sources */,
				35EC8A69FCF46B31D13DBAD0 /* RewritePrompt.swift in Sources */,
				1A5779D9150131FADB1002E5 /* Rewriter.swift in Sources */,
				CEF8E25B8070F06268EA5DF3 /* StyleStore.swift in Sources */,
				4F6AA1DFE6C103006FE847B1 /* SyncPreference.swift in Sources */,
				AB5FA10D4793DADBDC680876 /* SyncedDefaults.swift in Sources */,
				1C17B05A6E14698115D4A786 /* TranscriptionService.swift in Sources */,
				EC091E3637A1401CF24A5AC5 /* RecorderViewModel.swift in Sources */,
			);
			runOnlyForDeploymentPostprocessing = 0;
		};
/* End PBXSourcesBuildPhase section */

/* Begin PBXTargetDependency section */
		4BF1F50CA000C564082DAF84 /* PBXTargetDependency */ = {
			isa = PBXTargetDependency;
			name = UtterclipCore;
			target = 5836CB25745D6DA8EBA46E62 /* UtterclipCore */;
			targetProxy = 92AF562AE00011CF90CF247D /* PBXContainerItemProxy */;
		};
		79070C41DBE3605662ABD2CE /* PBXTargetDependency */ = {
			isa = PBXTargetDependency;
			name = UtterclipCore;
			target = 5836CB25745D6DA8EBA46E62 /* UtterclipCore */;
			targetProxy = 884B211BCD11BFC855D30112 /* PBXContainerItemProxy */;
		};
		FEDF55E685C8A7861733C65C /* PBXTargetDependency */ = {
			isa = PBXTargetDependency;
			name = UtterclipWidgets;
			target = 840C0F572CD6172E6B06159C /* UtterclipWidgets */;
			targetProxy = 6F27307D6E81DBB867AEA32E /* PBXContainerItemProxy */;
		};
/* End PBXTargetDependency section */

/* Begin XCBuildConfiguration section */
		0941E46F48631A7C2501CF3B /* Release */ = {
			isa = XCBuildConfiguration;
			buildSettings = {
				CODE_SIGN_IDENTITY = "iPhone Developer";
				INFOPLIST_FILE = "Derived/InfoPlists/UtterclipWidgets-Info.plist";
				IPHONEOS_DEPLOYMENT_TARGET = 18.0;
				LD_RUNPATH_SEARCH_PATHS = (
					"$(inherited)",
					"@executable_path/Frameworks",
					"@executable_path/../../Frameworks",
				);
				OTHER_LDFLAGS = (
					"$(inherited)",
					"-L$(DT_TOOLCHAIN_DIR)/usr/lib/swift/$(PLATFORM_NAME)",
				);
				PRODUCT_BUNDLE_IDENTIFIER = com.ralfchille.voicer.widgets;
				PRODUCT_NAME = UtterclipWidgets;
				SDKROOT = iphoneos;
				SUPPORTS_MACCATALYST = NO;
				SUPPORTS_MAC_DESIGNED_FOR_IPHONE_IPAD = NO;
				SUPPORTS_XR_DESIGNED_FOR_IPHONE_IPAD = NO;
				SWIFT_COMPILATION_MODE = wholemodule;
				SWIFT_OPTIMIZATION_LEVEL = "-O";
				TARGETED_DEVICE_FAMILY = 1;
			};
			name = Release;
		};
		153AC54F8CBDA674A5DBBA7C /* Release */ = {
			isa = XCBuildConfiguration;
			buildSettings = {
				CURRENT_PROJECT_VERSION = 1;
				DEFINES_MODULE = YES;
				DYLIB_COMPATIBILITY_VERSION = 1;
				DYLIB_CURRENT_VERSION = 1;
				DYLIB_INSTALL_NAME_BASE = "@rpath";
				INFOPLIST_FILE = "Derived/InfoPlists/UtterclipCore-Info.plist";
				INSTALL_PATH = "$(LOCAL_LIBRARY_DIR)/Frameworks";
				IPHONEOS_DEPLOYMENT_TARGET = 17.0;
				LD_RUNPATH_SEARCH_PATHS = (
					"$(inherited)",
					"@executable_path/Frameworks",
					"@loader_path/Frameworks",
				);
				"LD_RUNPATH_SEARCH_PATHS[sdk=macosx*]" = (
					"$(inherited)",
					"@executable_path/../Frameworks",
					"@loader_path/../Frameworks",
				);
				MACOSX_DEPLOYMENT_TARGET = 14.0;
				OTHER_LDFLAGS = (
					"$(inherited)",
					"-L$(DT_TOOLCHAIN_DIR)/usr/lib/swift/$(PLATFORM_NAME)",
				);
				PRODUCT_BUNDLE_IDENTIFIER = com.ralfchille.voicer.core;
				PRODUCT_NAME = UtterclipCore;
				SDKROOT = auto;
				SKIP_INSTALL = YES;
				SUPPORTED_PLATFORMS = "iphoneos iphonesimulator macosx";
				SUPPORTS_MACCATALYST = NO;
				SUPPORTS_MAC_DESIGNED_FOR_IPHONE_IPAD = NO;
				SUPPORTS_XR_DESIGNED_FOR_IPHONE_IPAD = NO;
				SWIFT_COMPILATION_MODE = wholemodule;
				SWIFT_OPTIMIZATION_LEVEL = "-O";
				TARGETED_DEVICE_FAMILY = 1;
				VERSIONING_SYSTEM = "apple-generic";
				VERSION_INFO_PREFIX = "";
			};
			name = Release;
		};
		4A89DB98045A8F512F6DC001 /* Release */ = {
			isa = XCBuildConfiguration;
			buildSettings = {
				ASSETCATALOG_COMPILER_APPICON_NAME = Utterclip;
				ASSETCATALOG_COMPILER_GLOBAL_ACCENT_COLOR_NAME = AccentColor;
				CODE_SIGN_ENTITLEMENTS = Derived/Entitlements/UtterclipMac.entitlements;
				CODE_SIGN_IDENTITY = "Apple Development";
				COMBINE_HIDPI_IMAGES = YES;
				ENABLE_PREVIEWS = YES;
				INFOPLIST_FILE = "Derived/InfoPlists/UtterclipMac-Info.plist";
				LD_RUNPATH_SEARCH_PATHS = (
					"$(inherited)",
					"@executable_path/../Frameworks",
				);
				MACOSX_DEPLOYMENT_TARGET = 14.0;
				OTHER_LDFLAGS = (
					"$(inherited)",
					"-L$(DT_TOOLCHAIN_DIR)/usr/lib/swift/$(PLATFORM_NAME)",
				);
				PRODUCT_BUNDLE_IDENTIFIER = com.ralfchille.voicer.mac;
				PRODUCT_NAME = Utterclip;
				SDKROOT = macosx;
				SWIFT_COMPILATION_MODE = wholemodule;
				SWIFT_OPTIMIZATION_LEVEL = "-O";
				TARGETED_DEVICE_FAMILY = "";
			};
			name = Release;
		};
		7F41BA7836AE576F41C968A4 /* Release */ = {
			isa = XCBuildConfiguration;
			buildSettings = {
				ALWAYS_SEARCH_USER_PATHS = NO;
				CLANG_ANALYZER_LOCALIZABILITY_NONLOCALIZED = YES;
				CLANG_ANALYZER_NONNULL = YES;
				CLANG_ANALYZER_NUMBER_OBJECT_CONVERSION = YES_AGGRESSIVE;
				CLANG_CXX_LANGUAGE_STANDARD = "gnu++14";
				CLANG_CXX_LIBRARY = "libc++";
				CLANG_ENABLE_MODULES = YES;
				CLANG_ENABLE_OBJC_ARC = YES;
				CLANG_ENABLE_OBJC_WEAK = YES;
				CLANG_WARN_BLOCK_CAPTURE_AUTORELEASING = YES;
				CLANG_WARN_BOOL_CONVERSION = YES;
				CLANG_WARN_COMMA = YES;
				CLANG_WARN_CONSTANT_CONVERSION = YES;
				CLANG_WARN_DEPRECATED_OBJC_IMPLEMENTATIONS = YES;
				CLANG_WARN_DIRECT_OBJC_ISA_USAGE = YES_ERROR;
				CLANG_WARN_DOCUMENTATION_COMMENTS = YES;
				CLANG_WARN_EMPTY_BODY = YES;
				CLANG_WARN_ENUM_CONVERSION = YES;
				CLANG_WARN_INFINITE_RECURSION = YES;
				CLANG_WARN_INT_CONVERSION = YES;
				CLANG_WARN_NON_LITERAL_NULL_CONVERSION = YES;
				CLANG_WARN_OBJC_IMPLICIT_RETAIN_SELF = YES;
				CLANG_WARN_OBJC_LITERAL_CONVERSION = YES;
				CLANG_WARN_OBJC_ROOT_CLASS = YES_ERROR;
				CLANG_WARN_QUOTED_INCLUDE_IN_FRAMEWORK_HEADER = YES;
				CLANG_WARN_RANGE_LOOP_ANALYSIS = YES;
				CLANG_WARN_STRICT_PROTOTYPES = YES;
				CLANG_WARN_SUSPICIOUS_MOVE = YES;
				CLANG_WARN_UNGUARDED_AVAILABILITY = YES_AGGRESSIVE;
				CLANG_WARN_UNREACHABLE_CODE = YES;
				CLANG_WARN__DUPLICATE_METHOD_MATCH = YES;
				CODE_SIGN_STYLE = Automatic;
				COPY_PHASE_STRIP = NO;
				CURRENT_PROJECT_VERSION = 4;
				DEAD_CODE_STRIPPING = YES;
				DEBUG_INFORMATION_FORMAT = "dwarf-with-dsym";
				DEVELOPMENT_TEAM = 2F7QR8NL2D;
				ENABLE_NS_ASSERTIONS = NO;
				ENABLE_STRICT_OBJC_MSGSEND = YES;
				GCC_C_LANGUAGE_STANDARD = gnu11;
				GCC_NO_COMMON_BLOCKS = YES;
				GCC_WARN_64_TO_32_BIT_CONVERSION = YES;
				GCC_WARN_ABOUT_RETURN_TYPE = YES_ERROR;
				GCC_WARN_UNDECLARED_SELECTOR = YES;
				GCC_WARN_UNINITIALIZED_AUTOS = YES_AGGRESSIVE;
				GCC_WARN_UNUSED_FUNCTION = YES;
				GCC_WARN_UNUSED_VARIABLE = YES;
				GENERATE_INFOPLIST_FILE = YES;
				IPHONEOS_DEPLOYMENT_TARGET = 17.0;
				MARKETING_VERSION = 1.1;
				MTL_ENABLE_DEBUG_INFO = NO;
				OTHER_LDFLAGS = (
					"$(inherited)",
					"-weak_framework",
					FoundationModels,
				);
				PRODUCT_NAME = "$(TARGET_NAME)";
				SWIFT_VERSION = 5.10;
				TARGETED_DEVICE_FAMILY = 1;
				VALIDATE_PRODUCT = YES;
			};
			name = Release;
		};
		86AF2E60D5F54EEA4DE58657 /* Debug */ = {
			isa = XCBuildConfiguration;
			buildSettings = {
				ASSETCATALOG_COMPILER_APPICON_NAME = Utterclip;
				ASSETCATALOG_COMPILER_GLOBAL_ACCENT_COLOR_NAME = AccentColor;
				CODE_SIGN_ENTITLEMENTS = Derived/Entitlements/Utterclip.entitlements;
				CODE_SIGN_IDENTITY = "iPhone Developer";
				ENABLE_PREVIEWS = YES;
				INFOPLIST_FILE = "Derived/InfoPlists/Utterclip-Info.plist";
				IPHONEOS_DEPLOYMENT_TARGET = 17.0;
				LD_RUNPATH_SEARCH_PATHS = (
					"$(inherited)",
					"@executable_path/Frameworks",
				);
				OTHER_LDFLAGS = (
					"$(inherited)",
					"-L$(DT_TOOLCHAIN_DIR)/usr/lib/swift/$(PLATFORM_NAME)",
				);
				PRODUCT_BUNDLE_IDENTIFIER = com.ralfchille.voicer;
				PRODUCT_NAME = Utterclip;
				SDKROOT = iphoneos;
				SUPPORTS_MACCATALYST = NO;
				SUPPORTS_MAC_DESIGNED_FOR_IPHONE_IPAD = NO;
				SUPPORTS_XR_DESIGNED_FOR_IPHONE_IPAD = NO;
				SWIFT_ACTIVE_COMPILATION_CONDITIONS = (
					"$(inherited)",
					DEBUG,
				);
				SWIFT_COMPILATION_MODE = singlefile;
				SWIFT_OPTIMIZATION_LEVEL = "-Onone";
				TARGETED_DEVICE_FAMILY = 1;
			};
			name = Debug;
		};
		8B54046ABC0CA2C76B1C4B0B /* Debug */ = {
			isa = XCBuildConfiguration;
			buildSettings = {
				ASSETCATALOG_COMPILER_APPICON_NAME = Utterclip;
				ASSETCATALOG_COMPILER_GLOBAL_ACCENT_COLOR_NAME = AccentColor;
				CODE_SIGN_ENTITLEMENTS = Derived/Entitlements/UtterclipMac.entitlements;
				CODE_SIGN_IDENTITY = "Apple Development";
				COMBINE_HIDPI_IMAGES = YES;
				ENABLE_PREVIEWS = YES;
				INFOPLIST_FILE = "Derived/InfoPlists/UtterclipMac-Info.plist";
				LD_RUNPATH_SEARCH_PATHS = (
					"$(inherited)",
					"@executable_path/../Frameworks",
				);
				MACOSX_DEPLOYMENT_TARGET = 14.0;
				OTHER_LDFLAGS = (
					"$(inherited)",
					"-L$(DT_TOOLCHAIN_DIR)/usr/lib/swift/$(PLATFORM_NAME)",
				);
				PRODUCT_BUNDLE_IDENTIFIER = com.ralfchille.voicer.mac;
				PRODUCT_NAME = Utterclip;
				SDKROOT = macosx;
				SWIFT_ACTIVE_COMPILATION_CONDITIONS = (
					"$(inherited)",
					DEBUG,
				);
				SWIFT_COMPILATION_MODE = singlefile;
				SWIFT_OPTIMIZATION_LEVEL = "-Onone";
				TARGETED_DEVICE_FAMILY = "";
			};
			name = Debug;
		};
		9D77C04640F8A40265C3144B /* Debug */ = {
			isa = XCBuildConfiguration;
			buildSettings = {
				CODE_SIGN_IDENTITY = "iPhone Developer";
				INFOPLIST_FILE = "Derived/InfoPlists/UtterclipWidgets-Info.plist";
				IPHONEOS_DEPLOYMENT_TARGET = 18.0;
				LD_RUNPATH_SEARCH_PATHS = (
					"$(inherited)",
					"@executable_path/Frameworks",
					"@executable_path/../../Frameworks",
				);
				OTHER_LDFLAGS = (
					"$(inherited)",
					"-L$(DT_TOOLCHAIN_DIR)/usr/lib/swift/$(PLATFORM_NAME)",
				);
				PRODUCT_BUNDLE_IDENTIFIER = com.ralfchille.voicer.widgets;
				PRODUCT_NAME = UtterclipWidgets;
				SDKROOT = iphoneos;
				SUPPORTS_MACCATALYST = NO;
				SUPPORTS_MAC_DESIGNED_FOR_IPHONE_IPAD = NO;
				SUPPORTS_XR_DESIGNED_FOR_IPHONE_IPAD = NO;
				SWIFT_ACTIVE_COMPILATION_CONDITIONS = (
					"$(inherited)",
					DEBUG,
				);
				SWIFT_COMPILATION_MODE = singlefile;
				SWIFT_OPTIMIZATION_LEVEL = "-Onone";
				TARGETED_DEVICE_FAMILY = 1;
			};
			name = Debug;
		};
		C03DBED153E108BB0421F53C /* Debug */ = {
			isa = XCBuildConfiguration;
			buildSettings = {
				ALWAYS_SEARCH_USER_PATHS = NO;
				CLANG_ANALYZER_LOCALIZABILITY_NONLOCALIZED = YES;
				CLANG_ANALYZER_NONNULL = YES;
				CLANG_ANALYZER_NUMBER_OBJECT_CONVERSION = YES_AGGRESSIVE;
				CLANG_CXX_LANGUAGE_STANDARD = "gnu++14";
				CLANG_CXX_LIBRARY = "libc++";
				CLANG_ENABLE_MODULES = YES;
				CLANG_ENABLE_OBJC_ARC = YES;
				CLANG_ENABLE_OBJC_WEAK = YES;
				CLANG_WARN_BLOCK_CAPTURE_AUTORELEASING = YES;
				CLANG_WARN_BOOL_CONVERSION = YES;
				CLANG_WARN_COMMA = YES;
				CLANG_WARN_CONSTANT_CONVERSION = YES;
				CLANG_WARN_DEPRECATED_OBJC_IMPLEMENTATIONS = YES;
				CLANG_WARN_DIRECT_OBJC_ISA_USAGE = YES_ERROR;
				CLANG_WARN_DOCUMENTATION_COMMENTS = YES;
				CLANG_WARN_EMPTY_BODY = YES;
				CLANG_WARN_ENUM_CONVERSION = YES;
				CLANG_WARN_INFINITE_RECURSION = YES;
				CLANG_WARN_INT_CONVERSION = YES;
				CLANG_WARN_NON_LITERAL_NULL_CONVERSION = YES;
				CLANG_WARN_OBJC_IMPLICIT_RETAIN_SELF = YES;
				CLANG_WARN_OBJC_LITERAL_CONVERSION = YES;
				CLANG_WARN_OBJC_ROOT_CLASS = YES_ERROR;
				CLANG_WARN_QUOTED_INCLUDE_IN_FRAMEWORK_HEADER = YES;
				CLANG_WARN_RANGE_LOOP_ANALYSIS = YES;
				CLANG_WARN_STRICT_PROTOTYPES = YES;
				CLANG_WARN_SUSPICIOUS_MOVE = YES;
				CLANG_WARN_UNGUARDED_AVAILABILITY = YES_AGGRESSIVE;
				CLANG_WARN_UNREACHABLE_CODE = YES;
				CLANG_WARN__DUPLICATE_METHOD_MATCH = YES;
				CODE_SIGN_STYLE = Automatic;
				COPY_PHASE_STRIP = NO;
				CURRENT_PROJECT_VERSION = 4;
				DEAD_CODE_STRIPPING = YES;
				DEBUG_INFORMATION_FORMAT = dwarf;
				DEVELOPMENT_TEAM = 2F7QR8NL2D;
				ENABLE_STRICT_OBJC_MSGSEND = YES;
				ENABLE_TESTABILITY = YES;
				GCC_C_LANGUAGE_STANDARD = gnu11;
				GCC_DYNAMIC_NO_PIC = NO;
				GCC_NO_COMMON_BLOCKS = YES;
				GCC_OPTIMIZATION_LEVEL = 0;
				GCC_PREPROCESSOR_DEFINITIONS = (
					"DEBUG=1",
					"$(inherited)",
				);
				GCC_WARN_64_TO_32_BIT_CONVERSION = YES;
				GCC_WARN_ABOUT_RETURN_TYPE = YES_ERROR;
				GCC_WARN_UNDECLARED_SELECTOR = YES;
				GCC_WARN_UNINITIALIZED_AUTOS = YES_AGGRESSIVE;
				GCC_WARN_UNUSED_FUNCTION = YES;
				GCC_WARN_UNUSED_VARIABLE = YES;
				GENERATE_INFOPLIST_FILE = YES;
				IPHONEOS_DEPLOYMENT_TARGET = 17.0;
				MARKETING_VERSION = 1.1;
				MTL_ENABLE_DEBUG_INFO = YES;
				ONLY_ACTIVE_ARCH = YES;
				OTHER_LDFLAGS = (
					"$(inherited)",
					"-weak_framework",
					FoundationModels,
				);
				PRODUCT_NAME = "$(TARGET_NAME)";
				SWIFT_VERSION = 5.10;
				TARGETED_DEVICE_FAMILY = 1;
			};
			name = Debug;
		};
		DDBB0A6F4BDD1E4EE366C11E /* Release */ = {
			isa = XCBuildConfiguration;
			buildSettings = {
				ASSETCATALOG_COMPILER_APPICON_NAME = Utterclip;
				ASSETCATALOG_COMPILER_GLOBAL_ACCENT_COLOR_NAME = AccentColor;
				CODE_SIGN_ENTITLEMENTS = Derived/Entitlements/Utterclip.entitlements;
				CODE_SIGN_IDENTITY = "iPhone Developer";
				ENABLE_PREVIEWS = YES;
				INFOPLIST_FILE = "Derived/InfoPlists/Utterclip-Info.plist";
				IPHONEOS_DEPLOYMENT_TARGET = 17.0;
				LD_RUNPATH_SEARCH_PATHS = (
					"$(inherited)",
					"@executable_path/Frameworks",
				);
				OTHER_LDFLAGS = (
					"$(inherited)",
					"-L$(DT_TOOLCHAIN_DIR)/usr/lib/swift/$(PLATFORM_NAME)",
				);
				PRODUCT_BUNDLE_IDENTIFIER = com.ralfchille.voicer;
				PRODUCT_NAME = Utterclip;
				SDKROOT = iphoneos;
				SUPPORTS_MACCATALYST = NO;
				SUPPORTS_MAC_DESIGNED_FOR_IPHONE_IPAD = NO;
				SUPPORTS_XR_DESIGNED_FOR_IPHONE_IPAD = NO;
				SWIFT_COMPILATION_MODE = wholemodule;
				SWIFT_OPTIMIZATION_LEVEL = "-O";
				TARGETED_DEVICE_FAMILY = 1;
			};
			name = Release;
		};
		DE00216E7B21A45B47627327 /* Debug */ = {
			isa = XCBuildConfiguration;
			buildSettings = {
				CURRENT_PROJECT_VERSION = 1;
				DEFINES_MODULE = YES;
				DYLIB_COMPATIBILITY_VERSION = 1;
				DYLIB_CURRENT_VERSION = 1;
				DYLIB_INSTALL_NAME_BASE = "@rpath";
				INFOPLIST_FILE = "Derived/InfoPlists/UtterclipCore-Info.plist";
				INSTALL_PATH = "$(LOCAL_LIBRARY_DIR)/Frameworks";
				IPHONEOS_DEPLOYMENT_TARGET = 17.0;
				LD_RUNPATH_SEARCH_PATHS = (
					"$(inherited)",
					"@executable_path/Frameworks",
					"@loader_path/Frameworks",
				);
				"LD_RUNPATH_SEARCH_PATHS[sdk=macosx*]" = (
					"$(inherited)",
					"@executable_path/../Frameworks",
					"@loader_path/../Frameworks",
				);
				MACOSX_DEPLOYMENT_TARGET = 14.0;
				OTHER_LDFLAGS = (
					"$(inherited)",
					"-L$(DT_TOOLCHAIN_DIR)/usr/lib/swift/$(PLATFORM_NAME)",
				);
				PRODUCT_BUNDLE_IDENTIFIER = com.ralfchille.voicer.core;
				PRODUCT_NAME = UtterclipCore;
				SDKROOT = auto;
				SKIP_INSTALL = YES;
				SUPPORTED_PLATFORMS = "iphoneos iphonesimulator macosx";
				SUPPORTS_MACCATALYST = NO;
				SUPPORTS_MAC_DESIGNED_FOR_IPHONE_IPAD = NO;
				SUPPORTS_XR_DESIGNED_FOR_IPHONE_IPAD = NO;
				SWIFT_ACTIVE_COMPILATION_CONDITIONS = (
					"$(inherited)",
					DEBUG,
				);
				SWIFT_COMPILATION_MODE = singlefile;
				SWIFT_OPTIMIZATION_LEVEL = "-Onone";
				TARGETED_DEVICE_FAMILY = 1;
				VERSIONING_SYSTEM = "apple-generic";
				VERSION_INFO_PREFIX = "";
			};
			name = Debug;
		};
/* End XCBuildConfiguration section */

/* Begin XCConfigurationList section */
		4632B0DA8AC2F6B786805D4D /* Build configuration list for PBXProject "Utterclip" */ = {
			isa = XCConfigurationList;
			buildConfigurations = (
				C03DBED153E108BB0421F53C /* Debug */,
				7F41BA7836AE576F41C968A4 /* Release */,
			);
			defaultConfigurationIsVisible = 0;
			defaultConfigurationName = Release;
		};
		4B7D1836E7EE6A2AE470FFBE /* Build configuration list for PBXNativeTarget "UtterclipWidgets" */ = {
			isa = XCConfigurationList;
			buildConfigurations = (
				9D77C04640F8A40265C3144B /* Debug */,
				0941E46F48631A7C2501CF3B /* Release */,
			);
			defaultConfigurationIsVisible = 0;
			defaultConfigurationName = Release;
		};
		6609BCC6DFB3805621106934 /* Build configuration list for PBXNativeTarget "UtterclipCore" */ = {
			isa = XCConfigurationList;
			buildConfigurations = (
				DE00216E7B21A45B47627327 /* Debug */,
				153AC54F8CBDA674A5DBBA7C /* Release */,
			);
			defaultConfigurationIsVisible = 0;
			defaultConfigurationName = Release;
		};
		74D8393E147DE46C454044C5 /* Build configuration list for PBXNativeTarget "Utterclip" */ = {
			isa = XCConfigurationList;
			buildConfigurations = (
				86AF2E60D5F54EEA4DE58657 /* Debug */,
				DDBB0A6F4BDD1E4EE366C11E /* Release */,
			);
			defaultConfigurationIsVisible = 0;
			defaultConfigurationName = Release;
		};
		9BE88674ED15C9CE8D8B749A /* Build configuration list for PBXNativeTarget "UtterclipMac" */ = {
			isa = XCConfigurationList;
			buildConfigurations = (
				8B54046ABC0CA2C76B1C4B0B /* Debug */,
				4A89DB98045A8F512F6DC001 /* Release */,
			);
			defaultConfigurationIsVisible = 0;
			defaultConfigurationName = Release;
		};
/* End XCConfigurationList section */

/* Begin XCRemoteSwiftPackageReference section */
		B9DB6341BEB98B911AE58E8E /* XCRemoteSwiftPackageReference "HighlightedTextEditor" */ = {
			isa = XCRemoteSwiftPackageReference;
			repositoryURL = "https://github.com/kyle-n/HighlightedTextEditor";
			requirement = {
				kind = upToNextMajorVersion;
				minimumVersion = 2.1.2;
			};
		};
		E0A5389493A27ABB6F9D32A3 /* XCRemoteSwiftPackageReference "WhisperKit" */ = {
			isa = XCRemoteSwiftPackageReference;
			repositoryURL = "https://github.com/argmaxinc/WhisperKit";
			requirement = {
				kind = upToNextMajorVersion;
				minimumVersion = 0.9.0;
			};
		};
/* End XCRemoteSwiftPackageReference section */

/* Begin XCSwiftPackageProductDependency section */
		1C8F61B05683C77B25B40782 /* HighlightedTextEditor */ = {
			isa = XCSwiftPackageProductDependency;
			productName = HighlightedTextEditor;
		};
		28BA344A91D20285EA0C68BD /* WhisperKit */ = {
			isa = XCSwiftPackageProductDependency;
			productName = WhisperKit;
		};
		C3BAFCC920439AB8767F1F7F /* HighlightedTextEditor */ = {
			isa = XCSwiftPackageProductDependency;
			productName = HighlightedTextEditor;
		};
/* End XCSwiftPackageProductDependency section */
	};
	rootObject = BC4F54448471893DF3D49A16 /* Project object */;
}
